// !$*UTF8*$!
{
	archiveVersion = 1;
	classes = {
	};
	objectVersion = 48;
	objects = {

/* Begin PBXBuildFile section */
		9501D6781FC0C64200214565 /* PDItem.m in Sources */ = {isa = PBXBuildFile; fileRef = 9501D6771FC0C64200214565 /* PDItem.m */; };
		9501D67B1FC0C71500214565 /* PDRule.m in Sources */ = {isa = PBXBuildFile; fileRef = 9501D67A1FC0C71500214565 /* PDRule.m */; };
		9501D67F1FC0C8EE00214565 /* PDDataSource.m in Sources */ = {isa = PBXBuildFile; fileRef = 9501D67E1FC0C8EE00214565 /* PDDataSource.m */; };
		9501D6821FC0C95A00214565 /* PDSection.m in Sources */ = {isa = PBXBuildFile; fileRef = 9501D6811FC0C95A00214565 /* PDSection.m */; };
		9501D6851FC0CF3500214565 /* PDFRCSectionInfoAdapter.m in Sources */ = {isa = PBXBuildFile; fileRef = 9501D6841FC0CF3500214565 /* PDFRCSectionInfoAdapter.m */; };
		9501D6881FC0CFD500214565 /* PDTableViewCell.m in Sources */ = {isa = PBXBuildFile; fileRef = 9501D6871FC0CFD500214565 /* PDTableViewCell.m */; };
		95044BFA1FC0D2F30038C45F /* PDTableViewHeaderFooter.m in Sources */ = {isa = PBXBuildFile; fileRef = 95044BF91FC0D2F30038C45F /* PDTableViewHeaderFooter.m */; };
		95044BFD1FC0D38D0038C45F /* PDTableViewController.m in Sources */ = {isa = PBXBuildFile; fileRef = 95044BFC1FC0D38D0038C45F /* PDTableViewController.m */; };
		95044C001FC0D42F0038C45F /* PDFRCTableViewController.m in Sources */ = {isa = PBXBuildFile; fileRef = 95044BFF1FC0D42F0038C45F /* PDFRCTableViewController.m */; };
		95044C031FC0D4960038C45F /* PDCollectionViewController.m in Sources */ = {isa = PBXBuildFile; fileRef = 95044C021FC0D4960038C45F /* PDCollectionViewController.m */; };
		95044C061FC0D4DD0038C45F /* PDCollectionViewCell.m in Sources */ = {isa = PBXBuildFile; fileRef = 95044C051FC0D4DD0038C45F /* PDCollectionViewCell.m */; };
		957A70E620022C7E00CC5D3E /* PDScrollViewController.m in Sources */ = {isa = PBXBuildFile; fileRef = 957A70E520022C7E00CC5D3E /* PDScrollViewController.m */; };
		957A70EB20022D8500CC5D3E /* ScrollViewController.swift in Sources */ = {isa = PBXBuildFile; fileRef = 957A70EA20022D8500CC5D3E /* ScrollViewController.swift */; };
		957A70EF20022F3B00CC5D3E /* PDBaseViewController.m in Sources */ = {isa = PBXBuildFile; fileRef = 957A70EE20022F3B00CC5D3E /* PDBaseViewController.m */; };
		957A70F220027FDE00CC5D3E /* PDScrollViewCell.m in Sources */ = {isa = PBXBuildFile; fileRef = 957A70F120027FDE00CC5D3E /* PDScrollViewCell.m */; };
		957A70F7200286DC00CC5D3E /* ScrollController.swift in Sources */ = {isa = PBXBuildFile; fileRef = 957A70F6200286DC00CC5D3E /* ScrollController.swift */; };
		957A70FA200289AA00CC5D3E /* ScrollCell.swift in Sources */ = {isa = PBXBuildFile; fileRef = 957A70F9200289AA00CC5D3E /* ScrollCell.swift */; };
		957A70FE2004B89E00CC5D3E /* TitleValueScrollCell.swift in Sources */ = {isa = PBXBuildFile; fileRef = 957A70FD2004B89E00CC5D3E /* TitleValueScrollCell.swift */; };
		957A70FF2004B8B400CC5D3E /* ScrollCell.xib in Resources */ = {isa = PBXBuildFile; fileRef = 957A70FB200290E600CC5D3E /* ScrollCell.xib */; };
		957A71032004BC3500CC5D3E /* TextFieldScrolCell.swift in Sources */ = {isa = PBXBuildFile; fileRef = 957A71022004BC3400CC5D3E /* TextFieldScrolCell.swift */; };
		95801E831FAE4DFD00E3FEA8 /* SectionsTableViewController.swift in Sources */ = {isa = PBXBuildFile; fileRef = 95801E821FAE4DFD00E3FEA8 /* SectionsTableViewController.swift */; };
		95801E851FAE50A600E3FEA8 /* SectionsTableController.swift in Sources */ = {isa = PBXBuildFile; fileRef = 95801E841FAE50A600E3FEA8 /* SectionsTableController.swift */; };
		95801E871FAE555300E3FEA8 /* SectionsTableCell.swift in Sources */ = {isa = PBXBuildFile; fileRef = 95801E861FAE555300E3FEA8 /* SectionsTableCell.swift */; };
		95801E8F1FAE5C9100E3FEA8 /* SectionsTableHeader.swift in Sources */ = {isa = PBXBuildFile; fileRef = 95801E8E1FAE5C9100E3FEA8 /* SectionsTableHeader.swift */; };
		95801E961FAEE4E200E3FEA8 /* PageAndRefreshViewController.swift in Sources */ = {isa = PBXBuildFile; fileRef = 95801E951FAEE4E200E3FEA8 /* PageAndRefreshViewController.swift */; };
		95801E981FAEE62E00E3FEA8 /* PageAndRefreshController.swift in Sources */ = {isa = PBXBuildFile; fileRef = 95801E971FAEE62E00E3FEA8 /* PageAndRefreshController.swift */; };
		95801E9A1FAEE76100E3FEA8 /* PageAndRefreshCell.swift in Sources */ = {isa = PBXBuildFile; fileRef = 95801E991FAEE76100E3FEA8 /* PageAndRefreshCell.swift */; };
		95801E9D1FAEE89100E3FEA8 /* PageAndResfreshModel.swift in Sources */ = {isa = PBXBuildFile; fileRef = 95801E9C1FAEE89100E3FEA8 /* PageAndResfreshModel.swift */; };
		95801EA31FAF11ED00E3FEA8 /* ActivityIndicatorBuilder.swift in Sources */ = {isa = PBXBuildFile; fileRef = 95801EA21FAF11ED00E3FEA8 /* ActivityIndicatorBuilder.swift */; };
		95801EAD1FAF3E8800E3FEA8 /* StaticCellsTableViewController.swift in Sources */ = {isa = PBXBuildFile; fileRef = 95801EAC1FAF3E8800E3FEA8 /* StaticCellsTableViewController.swift */; };
		95801EAF1FAF3F0E00E3FEA8 /* StaticCellsTableController.swift in Sources */ = {isa = PBXBuildFile; fileRef = 95801EAE1FAF3F0E00E3FEA8 /* StaticCellsTableController.swift */; };
		95801EB51FAF511800E3FEA8 /* TitleValueDateBuilder.swift in Sources */ = {isa = PBXBuildFile; fileRef = 95801EB41FAF511800E3FEA8 /* TitleValueDateBuilder.swift */; };
		95801EC11FAF776400E3FEA8 /* TitleStaticCellsCell.swift in Sources */ = {isa = PBXBuildFile; fileRef = 95801EC01FAF776400E3FEA8 /* TitleStaticCellsCell.swift */; };
		95801EC31FAF779200E3FEA8 /* TitleValueStaticCellsCell.swift in Sources */ = {isa = PBXBuildFile; fileRef = 95801EC21FAF779200E3FEA8 /* TitleValueStaticCellsCell.swift */; };
		95801EC51FAF77EE00E3FEA8 /* TitleValue2StaticCellsCell.swift in Sources */ = {isa = PBXBuildFile; fileRef = 95801EC41FAF77EE00E3FEA8 /* TitleValue2StaticCellsCell.swift */; };
		95801EC71FAF782300E3FEA8 /* DateStaticCellsCell.swift in Sources */ = {isa = PBXBuildFile; fileRef = 95801EC61FAF782300E3FEA8 /* DateStaticCellsCell.swift */; };
		95801EC91FAF783B00E3FEA8 /* Date2StaticCellsCell.swift in Sources */ = {isa = PBXBuildFile; fileRef = 95801EC81FAF783B00E3FEA8 /* Date2StaticCellsCell.swift */; };
		95801ECB1FAF785400E3FEA8 /* Date3StaticCellsCell.swift in Sources */ = {isa = PBXBuildFile; fileRef = 95801ECA1FAF785400E3FEA8 /* Date3StaticCellsCell.swift */; };
		95801ECE1FAF78CD00E3FEA8 /* LoadingCell.swift in Sources */ = {isa = PBXBuildFile; fileRef = 95801ECD1FAF78CD00E3FEA8 /* LoadingCell.swift */; };
		95801ED01FAF7A5000E3FEA8 /* ImageStaticCellsCell.swift in Sources */ = {isa = PBXBuildFile; fileRef = 95801ECF1FAF7A5000E3FEA8 /* ImageStaticCellsCell.swift */; };
		95801ED21FAF7BDF00E3FEA8 /* TitleImageBuilder.swift in Sources */ = {isa = PBXBuildFile; fileRef = 95801ED11FAF7BDF00E3FEA8 /* TitleImageBuilder.swift */; };
		95801EDA1FB0618A00E3FEA8 /* TextDataTableViewController.swift in Sources */ = {isa = PBXBuildFile; fileRef = 95801ED91FB0618A00E3FEA8 /* TextDataTableViewController.swift */; };
		95801EDC1FB062B900E3FEA8 /* TextDataTableController.swift in Sources */ = {isa = PBXBuildFile; fileRef = 95801EDB1FB062B900E3FEA8 /* TextDataTableController.swift */; };
		95801EE51FB0668900E3FEA8 /* TextDataTableCell.swift in Sources */ = {isa = PBXBuildFile; fileRef = 95801EE41FB0668900E3FEA8 /* TextDataTableCell.swift */; };
		95801EE71FB0A0C600E3FEA8 /* DateTextDataTableCell.swift in Sources */ = {isa = PBXBuildFile; fileRef = 95801EE61FB0A0C600E3FEA8 /* DateTextDataTableCell.swift */; };
		958C019E1FBB130A003AF364 /* DateSimpleCollectionCell.swift in Sources */ = {isa = PBXBuildFile; fileRef = 958C019D1FBB130A003AF364 /* DateSimpleCollectionCell.swift */; };
		958E14AA1FAE2DB900DD0B65 /* LaunchScreen.storyboard in Resources */ = {isa = PBXBuildFile; fileRef = 958E14A61FAE2DB900DD0B65 /* LaunchScreen.storyboard */; };
		958E14AB1FAE2DB900DD0B65 /* Main.storyboard in Resources */ = {isa = PBXBuildFile; fileRef = 958E14A81FAE2DB900DD0B65 /* Main.storyboard */; };
		958E14B01FAE2DC800DD0B65 /* AppDelegate.swift in Sources */ = {isa = PBXBuildFile; fileRef = 958E14AC1FAE2DC800DD0B65 /* AppDelegate.swift */; };
		958E14B11FAE2DC800DD0B65 /* Info.plist in Resources */ = {isa = PBXBuildFile; fileRef = 958E14AD1FAE2DC800DD0B65 /* Info.plist */; };
		958E14B21FAE2DC800DD0B65 /* MainViewController.swift in Sources */ = {isa = PBXBuildFile; fileRef = 958E14AE1FAE2DC800DD0B65 /* MainViewController.swift */; };
		958E14B31FAE2DC800DD0B65 /* Assets.xcassets in Resources */ = {isa = PBXBuildFile; fileRef = 958E14AF1FAE2DC800DD0B65 /* Assets.xcassets */; };
		958E14BC1FAE2E8500DD0B65 /* MainController.swift in Sources */ = {isa = PBXBuildFile; fileRef = 958E14BB1FAE2E8500DD0B65 /* MainController.swift */; };
		958E14C51FAE3B0000DD0B65 /* MainCell.swift in Sources */ = {isa = PBXBuildFile; fileRef = 958E14C41FAE3B0000DD0B65 /* MainCell.swift */; };
		959424D11FB6E0F8008B5B04 /* ButtonTextDataTableCell.swift in Sources */ = {isa = PBXBuildFile; fileRef = 959424D01FB6E0F8008B5B04 /* ButtonTextDataTableCell.swift */; };
		959424D71FB6E255008B5B04 /* ButtonBuilder.swift in Sources */ = {isa = PBXBuildFile; fileRef = 959424D61FB6E255008B5B04 /* ButtonBuilder.swift */; };
		9598FCE51FC18B21003A113C /* PDRefreshControl.m in Sources */ = {isa = PBXBuildFile; fileRef = 9598FCE41FC18B21003A113C /* PDRefreshControl.m */; };
		9598FCE81FC18B71003A113C /* PDTitleLabel.m in Sources */ = {isa = PBXBuildFile; fileRef = 9598FCE71FC18B71003A113C /* PDTitleLabel.m */; };
		9598FCEB1FC18B89003A113C /* PDLabel.m in Sources */ = {isa = PBXBuildFile; fileRef = 9598FCEA1FC18B89003A113C /* PDLabel.m */; };
		9598FCEE1FC18D00003A113C /* PDButton.m in Sources */ = {isa = PBXBuildFile; fileRef = 9598FCED1FC18D00003A113C /* PDButton.m */; };
		9598FCF11FC18EE0003A113C /* PDConfirmButton.m in Sources */ = {isa = PBXBuildFile; fileRef = 9598FCF01FC18EE0003A113C /* PDConfirmButton.m */; };
		9598FCF41FC18F51003A113C /* PDImageView.m in Sources */ = {isa = PBXBuildFile; fileRef = 9598FCF31FC18F51003A113C /* PDImageView.m */; };
		9598FCF71FC18FC6003A113C /* PDValueLabel.m in Sources */ = {isa = PBXBuildFile; fileRef = 9598FCF61FC18FC6003A113C /* PDValueLabel.m */; };
		9598FCFA1FC19001003A113C /* PDDateLabel.m in Sources */ = {isa = PBXBuildFile; fileRef = 9598FCF91FC19001003A113C /* PDDateLabel.m */; };
		9598FCFD1FC19163003A113C /* PDErrorLabel.m in Sources */ = {isa = PBXBuildFile; fileRef = 9598FCFC1FC19163003A113C /* PDErrorLabel.m */; };
		9598FD001FC191B8003A113C /* PDTextField.m in Sources */ = {isa = PBXBuildFile; fileRef = 9598FCFF1FC191B8003A113C /* PDTextField.m */; };
		9598FD031FC1924A003A113C /* PDActivityIndicatorView.m in Sources */ = {isa = PBXBuildFile; fileRef = 9598FD021FC1924A003A113C /* PDActivityIndicatorView.m */; };
		9598FD061FC19485003A113C /* TitleBuilder.m in Sources */ = {isa = PBXBuildFile; fileRef = 9598FD051FC19485003A113C /* TitleBuilder.m */; };
		9598FD091FC19830003A113C /* TitleValueBuilder.m in Sources */ = {isa = PBXBuildFile; fileRef = 9598FD081FC19830003A113C /* TitleValueBuilder.m */; };
		9598FD0C1FC19BA0003A113C /* TitleTextFieldErrorBuilder.m in Sources */ = {isa = PBXBuildFile; fileRef = 9598FD0B1FC19BA0003A113C /* TitleTextFieldErrorBuilder.m */; };
		95BAAF5F1FB78A8300675095 /* SimpleCollectionViewController.swift in Sources */ = {isa = PBXBuildFile; fileRef = 95BAAF5E1FB78A8300675095 /* SimpleCollectionViewController.swift */; };
		95BAAF611FB839E100675095 /* SimpleCollectionController.swift in Sources */ = {isa = PBXBuildFile; fileRef = 95BAAF601FB839E100675095 /* SimpleCollectionController.swift */; };
		95BAAF661FB83FEC00675095 /* SimpleCollectionCell.swift in Sources */ = {isa = PBXBuildFile; fileRef = 95BAAF651FB83FEC00675095 /* SimpleCollectionCell.swift */; };
		95FA5D641FB0A7C7002C5DA4 /* PhoneTextDataTableCell.swift in Sources */ = {isa = PBXBuildFile; fileRef = 95FA5D631FB0A7C7002C5DA4 /* PhoneTextDataTableCell.swift */; };
		95FA5D681FB10F7E002C5DA4 /* TextFieldFormatter.swift in Sources */ = {isa = PBXBuildFile; fileRef = 95FA5D671FB10F7E002C5DA4 /* TextFieldFormatter.swift */; };
		95FA5D6A1FB1BA4A002C5DA4 /* MoneyTextDataTableCell.swift in Sources */ = {isa = PBXBuildFile; fileRef = 95FA5D691FB1BA4A002C5DA4 /* MoneyTextDataTableCell.swift */; };
		95FA5D6C1FB1C14D002C5DA4 /* NumberTextDataTableCell.swift in Sources */ = {isa = PBXBuildFile; fileRef = 95FA5D6B1FB1C14D002C5DA4 /* NumberTextDataTableCell.swift */; };
		95FA5D731FB2545C002C5DA4 /* FRCTableViewController.swift in Sources */ = {isa = PBXBuildFile; fileRef = 95FA5D721FB2545C002C5DA4 /* FRCTableViewController.swift */; };
		95FA5D761FB255D5002C5DA4 /* Model.xcdatamodeld in Sources */ = {isa = PBXBuildFile; fileRef = 95FA5D741FB255D5002C5DA4 /* Model.xcdatamodeld */; };
		95FA5D7B1FB25F16002C5DA4 /* FRCTableCell.swift in Sources */ = {isa = PBXBuildFile; fileRef = 95FA5D7A1FB25F16002C5DA4 /* FRCTableCell.swift */; };
		95FA5D7D1FB260F8002C5DA4 /* Animal+Extension.swift in Sources */ = {isa = PBXBuildFile; fileRef = 95FA5D7C1FB260F8002C5DA4 /* Animal+Extension.swift */; };
		CAA5EFD92DA0A2E51F674C8E /* Pods_PDStrategy.framework in Frameworks */ = {isa = PBXBuildFile; fileRef = 9E67EAF2A6B9EC0A9965E95C /* Pods_PDStrategy.framework */; };
/* End PBXBuildFile section */

/* Begin PBXFileReference section */
		3C258B93A26BA615ADDC8944 /* Pods-PDStrategy.debug.xcconfig */ = {isa = PBXFileReference; includeInIndex = 1; lastKnownFileType = text.xcconfig; name = "Pods-PDStrategy.debug.xcconfig"; path = "Pods/Target Support Files/Pods-PDStrategy/Pods-PDStrategy.debug.xcconfig"; sourceTree = "<group>"; };
		9501D6751FC0C4F800214565 /* PDSectionInfo.h */ = {isa = PBXFileReference; lastKnownFileType = sourcecode.c.h; path = PDSectionInfo.h; sourceTree = "<group>"; };
		9501D6761FC0C64200214565 /* PDItem.h */ = {isa = PBXFileReference; lastKnownFileType = sourcecode.c.h; path = PDItem.h; sourceTree = "<group>"; };
		9501D6771FC0C64200214565 /* PDItem.m */ = {isa = PBXFileReference; lastKnownFileType = sourcecode.c.objc; path = PDItem.m; sourceTree = "<group>"; };
		9501D6791FC0C71500214565 /* PDRule.h */ = {isa = PBXFileReference; lastKnownFileType = sourcecode.c.h; path = PDRule.h; sourceTree = "<group>"; };
		9501D67A1FC0C71500214565 /* PDRule.m */ = {isa = PBXFileReference; lastKnownFileType = sourcecode.c.objc; path = PDRule.m; sourceTree = "<group>"; };
		9501D67D1FC0C8EE00214565 /* PDDataSource.h */ = {isa = PBXFileReference; lastKnownFileType = sourcecode.c.h; path = PDDataSource.h; sourceTree = "<group>"; };
		9501D67E1FC0C8EE00214565 /* PDDataSource.m */ = {isa = PBXFileReference; lastKnownFileType = sourcecode.c.objc; path = PDDataSource.m; sourceTree = "<group>"; };
		9501D6801FC0C95A00214565 /* PDSection.h */ = {isa = PBXFileReference; lastKnownFileType = sourcecode.c.h; path = PDSection.h; sourceTree = "<group>"; };
		9501D6811FC0C95A00214565 /* PDSection.m */ = {isa = PBXFileReference; lastKnownFileType = sourcecode.c.objc; path = PDSection.m; sourceTree = "<group>"; };
		9501D6831FC0CF3500214565 /* PDFRCSectionInfoAdapter.h */ = {isa = PBXFileReference; lastKnownFileType = sourcecode.c.h; path = PDFRCSectionInfoAdapter.h; sourceTree = "<group>"; };
		9501D6841FC0CF3500214565 /* PDFRCSectionInfoAdapter.m */ = {isa = PBXFileReference; lastKnownFileType = sourcecode.c.objc; path = PDFRCSectionInfoAdapter.m; sourceTree = "<group>"; };
		9501D6861FC0CFD500214565 /* PDTableViewCell.h */ = {isa = PBXFileReference; lastKnownFileType = sourcecode.c.h; path = PDTableViewCell.h; sourceTree = "<group>"; };
		9501D6871FC0CFD500214565 /* PDTableViewCell.m */ = {isa = PBXFileReference; lastKnownFileType = sourcecode.c.objc; path = PDTableViewCell.m; sourceTree = "<group>"; };
		9501D6891FC0D01F00214565 /* PDCellInfo.h */ = {isa = PBXFileReference; lastKnownFileType = sourcecode.c.h; path = PDCellInfo.h; sourceTree = "<group>"; };
		9501D68A1FC0D0C800214565 /* PDHeaderFooterInfo.h */ = {isa = PBXFileReference; lastKnownFileType = sourcecode.c.h; path = PDHeaderFooterInfo.h; sourceTree = "<group>"; };
		95044BF81FC0D2F30038C45F /* PDTableViewHeaderFooter.h */ = {isa = PBXFileReference; lastKnownFileType = sourcecode.c.h; path = PDTableViewHeaderFooter.h; sourceTree = "<group>"; };
		95044BF91FC0D2F30038C45F /* PDTableViewHeaderFooter.m */ = {isa = PBXFileReference; lastKnownFileType = sourcecode.c.objc; path = PDTableViewHeaderFooter.m; sourceTree = "<group>"; };
		95044BFB1FC0D38D0038C45F /* PDTableViewController.h */ = {isa = PBXFileReference; lastKnownFileType = sourcecode.c.h; path = PDTableViewController.h; sourceTree = "<group>"; };
		95044BFC1FC0D38D0038C45F /* PDTableViewController.m */ = {isa = PBXFileReference; lastKnownFileType = sourcecode.c.objc; path = PDTableViewController.m; sourceTree = "<group>"; };
		95044BFE1FC0D42F0038C45F /* PDFRCTableViewController.h */ = {isa = PBXFileReference; lastKnownFileType = sourcecode.c.h; path = PDFRCTableViewController.h; sourceTree = "<group>"; };
		95044BFF1FC0D42F0038C45F /* PDFRCTableViewController.m */ = {isa = PBXFileReference; lastKnownFileType = sourcecode.c.objc; path = PDFRCTableViewController.m; sourceTree = "<group>"; };
		95044C011FC0D4960038C45F /* PDCollectionViewController.h */ = {isa = PBXFileReference; lastKnownFileType = sourcecode.c.h; path = PDCollectionViewController.h; sourceTree = "<group>"; };
		95044C021FC0D4960038C45F /* PDCollectionViewController.m */ = {isa = PBXFileReference; lastKnownFileType = sourcecode.c.objc; path = PDCollectionViewController.m; sourceTree = "<group>"; };
		95044C041FC0D4DD0038C45F /* PDCollectionViewCell.h */ = {isa = PBXFileReference; lastKnownFileType = sourcecode.c.h; path = PDCollectionViewCell.h; sourceTree = "<group>"; };
		95044C051FC0D4DD0038C45F /* PDCollectionViewCell.m */ = {isa = PBXFileReference; lastKnownFileType = sourcecode.c.objc; path = PDCollectionViewCell.m; sourceTree = "<group>"; };
		957A70E420022C7E00CC5D3E /* PDScrollViewController.h */ = {isa = PBXFileReference; lastKnownFileType = sourcecode.c.h; path = PDScrollViewController.h; sourceTree = "<group>"; };
		957A70E520022C7E00CC5D3E /* PDScrollViewController.m */ = {isa = PBXFileReference; lastKnownFileType = sourcecode.c.objc; path = PDScrollViewController.m; sourceTree = "<group>"; };
		957A70EA20022D8500CC5D3E /* ScrollViewController.swift */ = {isa = PBXFileReference; lastKnownFileType = sourcecode.swift; path = ScrollViewController.swift; sourceTree = "<group>"; };
		957A70ED20022F3B00CC5D3E /* PDBaseViewController.h */ = {isa = PBXFileReference; lastKnownFileType = sourcecode.c.h; path = PDBaseViewController.h; sourceTree = "<group>"; };
		957A70EE20022F3B00CC5D3E /* PDBaseViewController.m */ = {isa = PBXFileReference; lastKnownFileType = sourcecode.c.objc; path = PDBaseViewController.m; sourceTree = "<group>"; };
		957A70F020027FDE00CC5D3E /* PDScrollViewCell.h */ = {isa = PBXFileReference; lastKnownFileType = sourcecode.c.h; path = PDScrollViewCell.h; sourceTree = "<group>"; };
		957A70F120027FDE00CC5D3E /* PDScrollViewCell.m */ = {isa = PBXFileReference; lastKnownFileType = sourcecode.c.objc; path = PDScrollViewCell.m; sourceTree = "<group>"; };
		957A70F6200286DC00CC5D3E /* ScrollController.swift */ = {isa = PBXFileReference; lastKnownFileType = sourcecode.swift; path = ScrollController.swift; sourceTree = "<group>"; };
		957A70F9200289AA00CC5D3E /* ScrollCell.swift */ = {isa = PBXFileReference; lastKnownFileType = sourcecode.swift; path = ScrollCell.swift; sourceTree = "<group>"; };
		957A70FB200290E600CC5D3E /* ScrollCell.xib */ = {isa = PBXFileReference; lastKnownFileType = file.xib; path = ScrollCell.xib; sourceTree = "<group>"; };
		957A70FD2004B89E00CC5D3E /* TitleValueScrollCell.swift */ = {isa = PBXFileReference; lastKnownFileType = sourcecode.swift; path = TitleValueScrollCell.swift; sourceTree = "<group>"; };
		957A71022004BC3400CC5D3E /* TextFieldScrolCell.swift */ = {isa = PBXFileReference; fileEncoding = 4; lastKnownFileType = sourcecode.swift; path = TextFieldScrolCell.swift; sourceTree = "<group>"; };
		95801E821FAE4DFD00E3FEA8 /* SectionsTableViewController.swift */ = {isa = PBXFileReference; lastKnownFileType = sourcecode.swift; path = SectionsTableViewController.swift; sourceTree = "<group>"; };
		95801E841FAE50A600E3FEA8 /* SectionsTableController.swift */ = {isa = PBXFileReference; lastKnownFileType = sourcecode.swift; path = SectionsTableController.swift; sourceTree = "<group>"; };
		95801E861FAE555300E3FEA8 /* SectionsTableCell.swift */ = {isa = PBXFileReference; lastKnownFileType = sourcecode.swift; path = SectionsTableCell.swift; sourceTree = "<group>"; };
		95801E8E1FAE5C9100E3FEA8 /* SectionsTableHeader.swift */ = {isa = PBXFileReference; lastKnownFileType = sourcecode.swift; path = SectionsTableHeader.swift; sourceTree = "<group>"; };
		95801E951FAEE4E200E3FEA8 /* PageAndRefreshViewController.swift */ = {isa = PBXFileReference; lastKnownFileType = sourcecode.swift; path = PageAndRefreshViewController.swift; sourceTree = "<group>"; };
		95801E971FAEE62E00E3FEA8 /* PageAndRefreshController.swift */ = {isa = PBXFileReference; lastKnownFileType = sourcecode.swift; path = PageAndRefreshController.swift; sourceTree = "<group>"; };
		95801E991FAEE76100E3FEA8 /* PageAndRefreshCell.swift */ = {isa = PBXFileReference; lastKnownFileType = sourcecode.swift; path = PageAndRefreshCell.swift; sourceTree = "<group>"; };
		95801E9C1FAEE89100E3FEA8 /* PageAndResfreshModel.swift */ = {isa = PBXFileReference; lastKnownFileType = sourcecode.swift; path = PageAndResfreshModel.swift; sourceTree = "<group>"; };
		95801EA21FAF11ED00E3FEA8 /* ActivityIndicatorBuilder.swift */ = {isa = PBXFileReference; lastKnownFileType = sourcecode.swift; path = ActivityIndicatorBuilder.swift; sourceTree = "<group>"; };
		95801EAC1FAF3E8800E3FEA8 /* StaticCellsTableViewController.swift */ = {isa = PBXFileReference; lastKnownFileType = sourcecode.swift; path = StaticCellsTableViewController.swift; sourceTree = "<group>"; };
		95801EAE1FAF3F0E00E3FEA8 /* StaticCellsTableController.swift */ = {isa = PBXFileReference; lastKnownFileType = sourcecode.swift; path = StaticCellsTableController.swift; sourceTree = "<group>"; };
		95801EB41FAF511800E3FEA8 /* TitleValueDateBuilder.swift */ = {isa = PBXFileReference; lastKnownFileType = sourcecode.swift; path = TitleValueDateBuilder.swift; sourceTree = "<group>"; };
		95801EC01FAF776400E3FEA8 /* TitleStaticCellsCell.swift */ = {isa = PBXFileReference; lastKnownFileType = sourcecode.swift; path = TitleStaticCellsCell.swift; sourceTree = "<group>"; };
		95801EC21FAF779200E3FEA8 /* TitleValueStaticCellsCell.swift */ = {isa = PBXFileReference; lastKnownFileType = sourcecode.swift; path = TitleValueStaticCellsCell.swift; sourceTree = "<group>"; };
		95801EC41FAF77EE00E3FEA8 /* TitleValue2StaticCellsCell.swift */ = {isa = PBXFileReference; lastKnownFileType = sourcecode.swift; path = TitleValue2StaticCellsCell.swift; sourceTree = "<group>"; };
		95801EC61FAF782300E3FEA8 /* DateStaticCellsCell.swift */ = {isa = PBXFileReference; lastKnownFileType = sourcecode.swift; path = DateStaticCellsCell.swift; sourceTree = "<group>"; };
		95801EC81FAF783B00E3FEA8 /* Date2StaticCellsCell.swift */ = {isa = PBXFileReference; lastKnownFileType = sourcecode.swift; path = Date2StaticCellsCell.swift; sourceTree = "<group>"; };
		95801ECA1FAF785400E3FEA8 /* Date3StaticCellsCell.swift */ = {isa = PBXFileReference; lastKnownFileType = sourcecode.swift; path = Date3StaticCellsCell.swift; sourceTree = "<group>"; };
		95801ECD1FAF78CD00E3FEA8 /* LoadingCell.swift */ = {isa = PBXFileReference; lastKnownFileType = sourcecode.swift; path = LoadingCell.swift; sourceTree = "<group>"; };
		95801ECF1FAF7A5000E3FEA8 /* ImageStaticCellsCell.swift */ = {isa = PBXFileReference; lastKnownFileType = sourcecode.swift; path = ImageStaticCellsCell.swift; sourceTree = "<group>"; };
		95801ED11FAF7BDF00E3FEA8 /* TitleImageBuilder.swift */ = {isa = PBXFileReference; lastKnownFileType = sourcecode.swift; path = TitleImageBuilder.swift; sourceTree = "<group>"; };
		95801ED91FB0618A00E3FEA8 /* TextDataTableViewController.swift */ = {isa = PBXFileReference; lastKnownFileType = sourcecode.swift; path = TextDataTableViewController.swift; sourceTree = "<group>"; };
		95801EDB1FB062B900E3FEA8 /* TextDataTableController.swift */ = {isa = PBXFileReference; lastKnownFileType = sourcecode.swift; path = TextDataTableController.swift; sourceTree = "<group>"; };
		95801EE41FB0668900E3FEA8 /* TextDataTableCell.swift */ = {isa = PBXFileReference; lastKnownFileType = sourcecode.swift; path = TextDataTableCell.swift; sourceTree = "<group>"; };
		95801EE61FB0A0C600E3FEA8 /* DateTextDataTableCell.swift */ = {isa = PBXFileReference; lastKnownFileType = sourcecode.swift; path = DateTextDataTableCell.swift; sourceTree = "<group>"; };
		958C019D1FBB130A003AF364 /* DateSimpleCollectionCell.swift */ = {isa = PBXFileReference; lastKnownFileType = sourcecode.swift; path = DateSimpleCollectionCell.swift; sourceTree = "<group>"; };
		958E14681FADEE1F00DD0B65 /* PDStrategy.app */ = {isa = PBXFileReference; explicitFileType = wrapper.application; includeInIndex = 0; path = PDStrategy.app; sourceTree = BUILT_PRODUCTS_DIR; };
		958E14A71FAE2DB900DD0B65 /* Base */ = {isa = PBXFileReference; lastKnownFileType = file.storyboard; name = Base; path = Base.lproj/LaunchScreen.storyboard; sourceTree = "<group>"; };
		958E14A91FAE2DB900DD0B65 /* Base */ = {isa = PBXFileReference; lastKnownFileType = file.storyboard; name = Base; path = Base.lproj/Main.storyboard; sourceTree = "<group>"; };
		958E14AC1FAE2DC800DD0B65 /* AppDelegate.swift */ = {isa = PBXFileReference; fileEncoding = 4; lastKnownFileType = sourcecode.swift; path = AppDelegate.swift; sourceTree = "<group>"; };
		958E14AD1FAE2DC800DD0B65 /* Info.plist */ = {isa = PBXFileReference; fileEncoding = 4; lastKnownFileType = text.plist.xml; path = Info.plist; sourceTree = "<group>"; };
		958E14AE1FAE2DC800DD0B65 /* MainViewController.swift */ = {isa = PBXFileReference; fileEncoding = 4; lastKnownFileType = sourcecode.swift; path = MainViewController.swift; sourceTree = "<group>"; };
		958E14AF1FAE2DC800DD0B65 /* Assets.xcassets */ = {isa = PBXFileReference; lastKnownFileType = folder.assetcatalog; path = Assets.xcassets; sourceTree = "<group>"; };
		958E14BB1FAE2E8500DD0B65 /* MainController.swift */ = {isa = PBXFileReference; lastKnownFileType = sourcecode.swift; path = MainController.swift; sourceTree = "<group>"; };
		958E14C41FAE3B0000DD0B65 /* MainCell.swift */ = {isa = PBXFileReference; lastKnownFileType = sourcecode.swift; path = MainCell.swift; sourceTree = "<group>"; };
		959424D01FB6E0F8008B5B04 /* ButtonTextDataTableCell.swift */ = {isa = PBXFileReference; lastKnownFileType = sourcecode.swift; path = ButtonTextDataTableCell.swift; sourceTree = "<group>"; };
		959424D61FB6E255008B5B04 /* ButtonBuilder.swift */ = {isa = PBXFileReference; lastKnownFileType = sourcecode.swift; path = ButtonBuilder.swift; sourceTree = "<group>"; };
		9598FCE31FC18B21003A113C /* PDRefreshControl.h */ = {isa = PBXFileReference; lastKnownFileType = sourcecode.c.h; path = PDRefreshControl.h; sourceTree = "<group>"; };
		9598FCE41FC18B21003A113C /* PDRefreshControl.m */ = {isa = PBXFileReference; lastKnownFileType = sourcecode.c.objc; path = PDRefreshControl.m; sourceTree = "<group>"; };
		9598FCE61FC18B71003A113C /* PDTitleLabel.h */ = {isa = PBXFileReference; lastKnownFileType = sourcecode.c.h; path = PDTitleLabel.h; sourceTree = "<group>"; };
		9598FCE71FC18B71003A113C /* PDTitleLabel.m */ = {isa = PBXFileReference; lastKnownFileType = sourcecode.c.objc; path = PDTitleLabel.m; sourceTree = "<group>"; };
		9598FCE91FC18B89003A113C /* PDLabel.h */ = {isa = PBXFileReference; lastKnownFileType = sourcecode.c.h; path = PDLabel.h; sourceTree = "<group>"; };
		9598FCEA1FC18B89003A113C /* PDLabel.m */ = {isa = PBXFileReference; lastKnownFileType = sourcecode.c.objc; path = PDLabel.m; sourceTree = "<group>"; };
		9598FCEC1FC18CFF003A113C /* PDButton.h */ = {isa = PBXFileReference; lastKnownFileType = sourcecode.c.h; path = PDButton.h; sourceTree = "<group>"; };
		9598FCED1FC18D00003A113C /* PDButton.m */ = {isa = PBXFileReference; lastKnownFileType = sourcecode.c.objc; path = PDButton.m; sourceTree = "<group>"; };
		9598FCEF1FC18EE0003A113C /* PDConfirmButton.h */ = {isa = PBXFileReference; lastKnownFileType = sourcecode.c.h; path = PDConfirmButton.h; sourceTree = "<group>"; };
		9598FCF01FC18EE0003A113C /* PDConfirmButton.m */ = {isa = PBXFileReference; lastKnownFileType = sourcecode.c.objc; path = PDConfirmButton.m; sourceTree = "<group>"; };
		9598FCF21FC18F51003A113C /* PDImageView.h */ = {isa = PBXFileReference; lastKnownFileType = sourcecode.c.h; path = PDImageView.h; sourceTree = "<group>"; };
		9598FCF31FC18F51003A113C /* PDImageView.m */ = {isa = PBXFileReference; lastKnownFileType = sourcecode.c.objc; path = PDImageView.m; sourceTree = "<group>"; };
		9598FCF51FC18FC6003A113C /* PDValueLabel.h */ = {isa = PBXFileReference; lastKnownFileType = sourcecode.c.h; path = PDValueLabel.h; sourceTree = "<group>"; };
		9598FCF61FC18FC6003A113C /* PDValueLabel.m */ = {isa = PBXFileReference; lastKnownFileType = sourcecode.c.objc; path = PDValueLabel.m; sourceTree = "<group>"; };
		9598FCF81FC19001003A113C /* PDDateLabel.h */ = {isa = PBXFileReference; lastKnownFileType = sourcecode.c.h; path = PDDateLabel.h; sourceTree = "<group>"; };
		9598FCF91FC19001003A113C /* PDDateLabel.m */ = {isa = PBXFileReference; lastKnownFileType = sourcecode.c.objc; path = PDDateLabel.m; sourceTree = "<group>"; };
		9598FCFB1FC19163003A113C /* PDErrorLabel.h */ = {isa = PBXFileReference; lastKnownFileType = sourcecode.c.h; path = PDErrorLabel.h; sourceTree = "<group>"; };
		9598FCFC1FC19163003A113C /* PDErrorLabel.m */ = {isa = PBXFileReference; lastKnownFileType = sourcecode.c.objc; path = PDErrorLabel.m; sourceTree = "<group>"; };
		9598FCFE1FC191B8003A113C /* PDTextField.h */ = {isa = PBXFileReference; lastKnownFileType = sourcecode.c.h; path = PDTextField.h; sourceTree = "<group>"; };
		9598FCFF1FC191B8003A113C /* PDTextField.m */ = {isa = PBXFileReference; lastKnownFileType = sourcecode.c.objc; path = PDTextField.m; sourceTree = "<group>"; };
		9598FD011FC1924A003A113C /* PDActivityIndicatorView.h */ = {isa = PBXFileReference; lastKnownFileType = sourcecode.c.h; path = PDActivityIndicatorView.h; sourceTree = "<group>"; };
		9598FD021FC1924A003A113C /* PDActivityIndicatorView.m */ = {isa = PBXFileReference; lastKnownFileType = sourcecode.c.objc; path = PDActivityIndicatorView.m; sourceTree = "<group>"; };
		9598FD041FC19485003A113C /* TitleBuilder.h */ = {isa = PBXFileReference; lastKnownFileType = sourcecode.c.h; path = TitleBuilder.h; sourceTree = "<group>"; };
		9598FD051FC19485003A113C /* TitleBuilder.m */ = {isa = PBXFileReference; lastKnownFileType = sourcecode.c.objc; path = TitleBuilder.m; sourceTree = "<group>"; };
		9598FD071FC19830003A113C /* TitleValueBuilder.h */ = {isa = PBXFileReference; lastKnownFileType = sourcecode.c.h; path = TitleValueBuilder.h; sourceTree = "<group>"; };
		9598FD081FC19830003A113C /* TitleValueBuilder.m */ = {isa = PBXFileReference; lastKnownFileType = sourcecode.c.objc; path = TitleValueBuilder.m; sourceTree = "<group>"; };
		9598FD0A1FC19BA0003A113C /* TitleTextFieldErrorBuilder.h */ = {isa = PBXFileReference; lastKnownFileType = sourcecode.c.h; path = TitleTextFieldErrorBuilder.h; sourceTree = "<group>"; };
		9598FD0B1FC19BA0003A113C /* TitleTextFieldErrorBuilder.m */ = {isa = PBXFileReference; lastKnownFileType = sourcecode.c.objc; path = TitleTextFieldErrorBuilder.m; sourceTree = "<group>"; };
		95A6667B1FC0BD9900486244 /* PDStrategy-Bridging-Header.h */ = {isa = PBXFileReference; lastKnownFileType = sourcecode.c.h; path = "PDStrategy-Bridging-Header.h"; sourceTree = "<group>"; };
		95A6667F1FC0BE1100486244 /* PDStrategy.h */ = {isa = PBXFileReference; lastKnownFileType = sourcecode.c.h; path = PDStrategy.h; sourceTree = "<group>"; };
		95A666801FC0BEA400486244 /* PDItemInfo.h */ = {isa = PBXFileReference; lastKnownFileType = sourcecode.c.h; path = PDItemInfo.h; sourceTree = "<group>"; };
		95BAAF5E1FB78A8300675095 /* SimpleCollectionViewController.swift */ = {isa = PBXFileReference; lastKnownFileType = sourcecode.swift; path = SimpleCollectionViewController.swift; sourceTree = "<group>"; };
		95BAAF601FB839E100675095 /* SimpleCollectionController.swift */ = {isa = PBXFileReference; lastKnownFileType = sourcecode.swift; path = SimpleCollectionController.swift; sourceTree = "<group>"; };
		95BAAF651FB83FEC00675095 /* SimpleCollectionCell.swift */ = {isa = PBXFileReference; lastKnownFileType = sourcecode.swift; path = SimpleCollectionCell.swift; sourceTree = "<group>"; };
		95FA5D631FB0A7C7002C5DA4 /* PhoneTextDataTableCell.swift */ = {isa = PBXFileReference; lastKnownFileType = sourcecode.swift; path = PhoneTextDataTableCell.swift; sourceTree = "<group>"; };
		95FA5D671FB10F7E002C5DA4 /* TextFieldFormatter.swift */ = {isa = PBXFileReference; lastKnownFileType = sourcecode.swift; path = TextFieldFormatter.swift; sourceTree = "<group>"; };
		95FA5D691FB1BA4A002C5DA4 /* MoneyTextDataTableCell.swift */ = {isa = PBXFileReference; lastKnownFileType = sourcecode.swift; path = MoneyTextDataTableCell.swift; sourceTree = "<group>"; };
		95FA5D6B1FB1C14D002C5DA4 /* NumberTextDataTableCell.swift */ = {isa = PBXFileReference; lastKnownFileType = sourcecode.swift; path = NumberTextDataTableCell.swift; sourceTree = "<group>"; };
		95FA5D721FB2545C002C5DA4 /* FRCTableViewController.swift */ = {isa = PBXFileReference; lastKnownFileType = sourcecode.swift; path = FRCTableViewController.swift; sourceTree = "<group>"; };
		95FA5D751FB255D5002C5DA4 /* Model.xcdatamodel */ = {isa = PBXFileReference; lastKnownFileType = wrapper.xcdatamodel; path = Model.xcdatamodel; sourceTree = "<group>"; };
		95FA5D7A1FB25F16002C5DA4 /* FRCTableCell.swift */ = {isa = PBXFileReference; lastKnownFileType = sourcecode.swift; path = FRCTableCell.swift; sourceTree = "<group>"; };
		95FA5D7C1FB260F8002C5DA4 /* Animal+Extension.swift */ = {isa = PBXFileReference; lastKnownFileType = sourcecode.swift; path = "Animal+Extension.swift"; sourceTree = "<group>"; };
		9E67EAF2A6B9EC0A9965E95C /* Pods_PDStrategy.framework */ = {isa = PBXFileReference; explicitFileType = wrapper.framework; includeInIndex = 0; path = Pods_PDStrategy.framework; sourceTree = BUILT_PRODUCTS_DIR; };
		C26885CC900213C23A0A35DF /* Pods-PDStrategy.release.xcconfig */ = {isa = PBXFileReference; includeInIndex = 1; lastKnownFileType = text.xcconfig; name = "Pods-PDStrategy.release.xcconfig"; path = "Pods/Target Support Files/Pods-PDStrategy/Pods-PDStrategy.release.xcconfig"; sourceTree = "<group>"; };
/* End PBXFileReference section */

/* Begin PBXFrameworksBuildPhase section */
		958E14651FADEE1F00DD0B65 /* Frameworks */ = {
			isa = PBXFrameworksBuildPhase;
			buildActionMask = 2147483647;
			files = (
				CAA5EFD92DA0A2E51F674C8E /* Pods_PDStrategy.framework in Frameworks */,
			);
			runOnlyForDeploymentPostprocessing = 0;
		};
/* End PBXFrameworksBuildPhase section */

/* Begin PBXGroup section */
		64B3B68392A79100046CF7D1 /* Frameworks */ = {
			isa = PBXGroup;
			children = (
				9E67EAF2A6B9EC0A9965E95C /* Pods_PDStrategy.framework */,
			);
			name = Frameworks;
			sourceTree = "<group>";
		};
		658C8BAEA57174CAA6508375 /* Pods */ = {
			isa = PBXGroup;
			children = (
				3C258B93A26BA615ADDC8944 /* Pods-PDStrategy.debug.xcconfig */,
				C26885CC900213C23A0A35DF /* Pods-PDStrategy.release.xcconfig */,
			);
			name = Pods;
			sourceTree = "<group>";
		};
		957A70E22002076000CC5D3E /* Builders */ = {
			isa = PBXGroup;
			children = (
				95801EB41FAF511800E3FEA8 /* TitleValueDateBuilder.swift */,
				95801EA21FAF11ED00E3FEA8 /* ActivityIndicatorBuilder.swift */,
				95801ED11FAF7BDF00E3FEA8 /* TitleImageBuilder.swift */,
				959424D61FB6E255008B5B04 /* ButtonBuilder.swift */,
			);
			path = Builders;
			sourceTree = "<group>";
		};
		957A70E320022C4300CC5D3E /* ScrollView */ = {
			isa = PBXGroup;
			children = (
				957A70E420022C7E00CC5D3E /* PDScrollViewController.h */,
				957A70E520022C7E00CC5D3E /* PDScrollViewController.m */,
				957A70F020027FDE00CC5D3E /* PDScrollViewCell.h */,
				957A70F120027FDE00CC5D3E /* PDScrollViewCell.m */,
			);
			path = ScrollView;
			sourceTree = "<group>";
		};
		957A70EC20022F2200CC5D3E /* Base */ = {
			isa = PBXGroup;
			children = (
				957A70ED20022F3B00CC5D3E /* PDBaseViewController.h */,
				957A70EE20022F3B00CC5D3E /* PDBaseViewController.m */,
			);
			path = Base;
			sourceTree = "<group>";
		};
		957A70F82002897E00CC5D3E /* Scroll */ = {
			isa = PBXGroup;
			children = (
				957A70FD2004B89E00CC5D3E /* TitleValueScrollCell.swift */,
				957A71022004BC3400CC5D3E /* TextFieldScrolCell.swift */,
				957A70F9200289AA00CC5D3E /* ScrollCell.swift */,
				957A70FB200290E600CC5D3E /* ScrollCell.xib */,
			);
			name = Scroll;
			sourceTree = "<group>";
		};
		95801E8D1FAE5C7B00E3FEA8 /* Headers */ = {
			isa = PBXGroup;
			children = (
				95801E8E1FAE5C9100E3FEA8 /* SectionsTableHeader.swift */,
			);
			name = Headers;
			sourceTree = "<group>";
		};
		95801E921FAE673900E3FEA8 /* Builders */ = {
			isa = PBXGroup;
			children = (
				9598FD041FC19485003A113C /* TitleBuilder.h */,
				9598FD051FC19485003A113C /* TitleBuilder.m */,
				9598FD071FC19830003A113C /* TitleValueBuilder.h */,
				9598FD081FC19830003A113C /* TitleValueBuilder.m */,
				9598FD0A1FC19BA0003A113C /* TitleTextFieldErrorBuilder.h */,
				9598FD0B1FC19BA0003A113C /* TitleTextFieldErrorBuilder.m */,
			);
			path = Builders;
			sourceTree = "<group>";
		};
		95801E9B1FAEE86E00E3FEA8 /* Models */ = {
			isa = PBXGroup;
			children = (
				95801E9C1FAEE89100E3FEA8 /* PageAndResfreshModel.swift */,
				95FA5D7C1FB260F8002C5DA4 /* Animal+Extension.swift */,
			);
			name = Models;
			sourceTree = "<group>";
		};
		95801EBC1FAF6B0C00E3FEA8 /* Main */ = {
			isa = PBXGroup;
			children = (
				958E14C41FAE3B0000DD0B65 /* MainCell.swift */,
			);
			name = Main;
			sourceTree = "<group>";
		};
		95801EBD1FAF6B1600E3FEA8 /* SectionsTable */ = {
			isa = PBXGroup;
			children = (
				95801E861FAE555300E3FEA8 /* SectionsTableCell.swift */,
			);
			name = SectionsTable;
			sourceTree = "<group>";
		};
		95801EBE1FAF6B2300E3FEA8 /* PageAndRefresh */ = {
			isa = PBXGroup;
			children = (
				95801E991FAEE76100E3FEA8 /* PageAndRefreshCell.swift */,
			);
			name = PageAndRefresh;
			sourceTree = "<group>";
		};
		95801EBF1FAF6B4200E3FEA8 /* Static Cells */ = {
			isa = PBXGroup;
			children = (
				95801EC01FAF776400E3FEA8 /* TitleStaticCellsCell.swift */,
				95801EC21FAF779200E3FEA8 /* TitleValueStaticCellsCell.swift */,
				95801EC41FAF77EE00E3FEA8 /* TitleValue2StaticCellsCell.swift */,
				95801EC61FAF782300E3FEA8 /* DateStaticCellsCell.swift */,
				95801EC81FAF783B00E3FEA8 /* Date2StaticCellsCell.swift */,
				95801ECA1FAF785400E3FEA8 /* Date3StaticCellsCell.swift */,
				95801ECF1FAF7A5000E3FEA8 /* ImageStaticCellsCell.swift */,
			);
			name = "Static Cells";
			sourceTree = "<group>";
		};
		95801ECC1FAF78A800E3FEA8 /* Loading */ = {
			isa = PBXGroup;
			children = (
				95801ECD1FAF78CD00E3FEA8 /* LoadingCell.swift */,
			);
			name = Loading;
			sourceTree = "<group>";
		};
		95801EE31FB0664B00E3FEA8 /* Text Data Table */ = {
			isa = PBXGroup;
			children = (
				95801EE41FB0668900E3FEA8 /* TextDataTableCell.swift */,
				95801EE61FB0A0C600E3FEA8 /* DateTextDataTableCell.swift */,
				95FA5D631FB0A7C7002C5DA4 /* PhoneTextDataTableCell.swift */,
				95FA5D691FB1BA4A002C5DA4 /* MoneyTextDataTableCell.swift */,
				95FA5D6B1FB1C14D002C5DA4 /* NumberTextDataTableCell.swift */,
				959424D01FB6E0F8008B5B04 /* ButtonTextDataTableCell.swift */,
			);
			name = "Text Data Table";
			sourceTree = "<group>";
		};
		958E145F1FADEE1F00DD0B65 = {
			isa = PBXGroup;
			children = (
				958E146A1FADEE1F00DD0B65 /* PDStrategy */,
				958E14691FADEE1F00DD0B65 /* Products */,
				658C8BAEA57174CAA6508375 /* Pods */,
				64B3B68392A79100046CF7D1 /* Frameworks */,
			);
			sourceTree = "<group>";
		};
		958E14691FADEE1F00DD0B65 /* Products */ = {
			isa = PBXGroup;
			children = (
				958E14681FADEE1F00DD0B65 /* PDStrategy.app */,
			);
			name = Products;
			sourceTree = "<group>";
		};
		958E146A1FADEE1F00DD0B65 /* PDStrategy */ = {
			isa = PBXGroup;
			children = (
				95FA5D651FB10F50002C5DA4 /* Helpers */,
				95801E9B1FAEE86E00E3FEA8 /* Models */,
				958E14C21FAE3AE200DD0B65 /* Views */,
				958E14BA1FAE2E6800DD0B65 /* Controllers */,
				958E14B91FAE2E4C00DD0B65 /* VIewControllers */,
				958E14B61FAE2E2C00DD0B65 /* Resources */,
				958E14B51FAE2E0F00DD0B65 /* Application */,
				958E147E1FADEE9400DD0B65 /* PDStrategy */,
			);
			path = PDStrategy;
			sourceTree = "<group>";
		};
		958E147E1FADEE9400DD0B65 /* PDStrategy */ = {
			isa = PBXGroup;
			children = (
				957A70EC20022F2200CC5D3E /* Base */,
				957A70E320022C4300CC5D3E /* ScrollView */,
				958E14801FADEECD00DD0B65 /* Protocols */,
				958E147F1FADEE9F00DD0B65 /* Models */,
				95FA5D6F1FB24C8D002C5DA4 /* Adapters */,
				958E149E1FAE199600DD0B65 /* Views */,
				95801E921FAE673900E3FEA8 /* Builders */,
				95BAAF5B1FB7855700675095 /* CollectionView */,
				958E14931FAE004F00DD0B65 /* TableView */,
				95A6667F1FC0BE1100486244 /* PDStrategy.h */,
			);
			path = PDStrategy;
			sourceTree = "<group>";
		};
		958E147F1FADEE9F00DD0B65 /* Models */ = {
			isa = PBXGroup;
			children = (
				9501D6761FC0C64200214565 /* PDItem.h */,
				9501D6771FC0C64200214565 /* PDItem.m */,
				9501D6791FC0C71500214565 /* PDRule.h */,
				9501D67A1FC0C71500214565 /* PDRule.m */,
				9501D67D1FC0C8EE00214565 /* PDDataSource.h */,
				9501D67E1FC0C8EE00214565 /* PDDataSource.m */,
				9501D6801FC0C95A00214565 /* PDSection.h */,
				9501D6811FC0C95A00214565 /* PDSection.m */,
			);
			path = Models;
			sourceTree = "<group>";
		};
		958E14801FADEECD00DD0B65 /* Protocols */ = {
			isa = PBXGroup;
			children = (
				95A666801FC0BEA400486244 /* PDItemInfo.h */,
				9501D6751FC0C4F800214565 /* PDSectionInfo.h */,
				9501D6891FC0D01F00214565 /* PDCellInfo.h */,
				9501D68A1FC0D0C800214565 /* PDHeaderFooterInfo.h */,
			);
			path = Protocols;
			sourceTree = "<group>";
		};
		958E14931FAE004F00DD0B65 /* TableView */ = {
			isa = PBXGroup;
			children = (
				9501D6861FC0CFD500214565 /* PDTableViewCell.h */,
				9501D6871FC0CFD500214565 /* PDTableViewCell.m */,
				95044BF81FC0D2F30038C45F /* PDTableViewHeaderFooter.h */,
				95044BF91FC0D2F30038C45F /* PDTableViewHeaderFooter.m */,
				95044BFB1FC0D38D0038C45F /* PDTableViewController.h */,
				95044BFC1FC0D38D0038C45F /* PDTableViewController.m */,
				95044BFE1FC0D42F0038C45F /* PDFRCTableViewController.h */,
				95044BFF1FC0D42F0038C45F /* PDFRCTableViewController.m */,
			);
			path = TableView;
			sourceTree = "<group>";
		};
		958E149E1FAE199600DD0B65 /* Views */ = {
			isa = PBXGroup;
			children = (
				9598FCE31FC18B21003A113C /* PDRefreshControl.h */,
				9598FCE41FC18B21003A113C /* PDRefreshControl.m */,
				9598FCE91FC18B89003A113C /* PDLabel.h */,
				9598FCEA1FC18B89003A113C /* PDLabel.m */,
				9598FCE61FC18B71003A113C /* PDTitleLabel.h */,
				9598FCE71FC18B71003A113C /* PDTitleLabel.m */,
				9598FCEC1FC18CFF003A113C /* PDButton.h */,
				9598FCED1FC18D00003A113C /* PDButton.m */,
				9598FCEF1FC18EE0003A113C /* PDConfirmButton.h */,
				9598FCF01FC18EE0003A113C /* PDConfirmButton.m */,
				9598FCF21FC18F51003A113C /* PDImageView.h */,
				9598FCF31FC18F51003A113C /* PDImageView.m */,
				9598FCF51FC18FC6003A113C /* PDValueLabel.h */,
				9598FCF61FC18FC6003A113C /* PDValueLabel.m */,
				9598FCF81FC19001003A113C /* PDDateLabel.h */,
				9598FCF91FC19001003A113C /* PDDateLabel.m */,
				9598FCFB1FC19163003A113C /* PDErrorLabel.h */,
				9598FCFC1FC19163003A113C /* PDErrorLabel.m */,
				9598FCFE1FC191B8003A113C /* PDTextField.h */,
				9598FCFF1FC191B8003A113C /* PDTextField.m */,
				9598FD011FC1924A003A113C /* PDActivityIndicatorView.h */,
				9598FD021FC1924A003A113C /* PDActivityIndicatorView.m */,
			);
			path = Views;
			sourceTree = "<group>";
		};
		958E14B51FAE2E0F00DD0B65 /* Application */ = {
			isa = PBXGroup;
			children = (
				95A6667B1FC0BD9900486244 /* PDStrategy-Bridging-Header.h */,
				958E14AC1FAE2DC800DD0B65 /* AppDelegate.swift */,
				958E14AD1FAE2DC800DD0B65 /* Info.plist */,
			);
			name = Application;
			sourceTree = "<group>";
		};
		958E14B61FAE2E2C00DD0B65 /* Resources */ = {
			isa = PBXGroup;
			children = (
				958E14AF1FAE2DC800DD0B65 /* Assets.xcassets */,
				958E14A61FAE2DB900DD0B65 /* LaunchScreen.storyboard */,
				958E14A81FAE2DB900DD0B65 /* Main.storyboard */,
				95FA5D741FB255D5002C5DA4 /* Model.xcdatamodeld */,
			);
			name = Resources;
			sourceTree = "<group>";
		};
		958E14B91FAE2E4C00DD0B65 /* VIewControllers */ = {
			isa = PBXGroup;
			children = (
				958E14AE1FAE2DC800DD0B65 /* MainViewController.swift */,
				95801E821FAE4DFD00E3FEA8 /* SectionsTableViewController.swift */,
				95801E951FAEE4E200E3FEA8 /* PageAndRefreshViewController.swift */,
				95801EAC1FAF3E8800E3FEA8 /* StaticCellsTableViewController.swift */,
				95801ED91FB0618A00E3FEA8 /* TextDataTableViewController.swift */,
				95FA5D721FB2545C002C5DA4 /* FRCTableViewController.swift */,
				95BAAF5E1FB78A8300675095 /* SimpleCollectionViewController.swift */,
				957A70EA20022D8500CC5D3E /* ScrollViewController.swift */,
			);
			name = VIewControllers;
			sourceTree = "<group>";
		};
		958E14BA1FAE2E6800DD0B65 /* Controllers */ = {
			isa = PBXGroup;
			children = (
				958E14BB1FAE2E8500DD0B65 /* MainController.swift */,
				95801E841FAE50A600E3FEA8 /* SectionsTableController.swift */,
				95801E971FAEE62E00E3FEA8 /* PageAndRefreshController.swift */,
				95801EAE1FAF3F0E00E3FEA8 /* StaticCellsTableController.swift */,
				95801EDB1FB062B900E3FEA8 /* TextDataTableController.swift */,
				95BAAF601FB839E100675095 /* SimpleCollectionController.swift */,
				957A70F6200286DC00CC5D3E /* ScrollController.swift */,
			);
			name = Controllers;
			sourceTree = "<group>";
		};
		958E14C21FAE3AE200DD0B65 /* Views */ = {
			isa = PBXGroup;
			children = (
				95801E8D1FAE5C7B00E3FEA8 /* Headers */,
				958E14C31FAE3AE900DD0B65 /* Cells */,
			);
			name = Views;
			sourceTree = "<group>";
		};
		958E14C31FAE3AE900DD0B65 /* Cells */ = {
			isa = PBXGroup;
			children = (
				957A70F82002897E00CC5D3E /* Scroll */,
				95801ECC1FAF78A800E3FEA8 /* Loading */,
				95801EBC1FAF6B0C00E3FEA8 /* Main */,
				95801EBD1FAF6B1600E3FEA8 /* SectionsTable */,
				95801EBE1FAF6B2300E3FEA8 /* PageAndRefresh */,
				95801EBF1FAF6B4200E3FEA8 /* Static Cells */,
				95801EE31FB0664B00E3FEA8 /* Text Data Table */,
				95FA5D791FB25EEF002C5DA4 /* FRC Table */,
				95BAAF621FB83F4500675095 /* SimpleCollection */,
			);
			name = Cells;
			sourceTree = "<group>";
		};
		95BAAF5B1FB7855700675095 /* CollectionView */ = {
			isa = PBXGroup;
			children = (
				95044C011FC0D4960038C45F /* PDCollectionViewController.h */,
				95044C021FC0D4960038C45F /* PDCollectionViewController.m */,
				95044C041FC0D4DD0038C45F /* PDCollectionViewCell.h */,
				95044C051FC0D4DD0038C45F /* PDCollectionViewCell.m */,
			);
			path = CollectionView;
			sourceTree = "<group>";
		};
		95BAAF621FB83F4500675095 /* SimpleCollection */ = {
			isa = PBXGroup;
			children = (
				95BAAF651FB83FEC00675095 /* SimpleCollectionCell.swift */,
				958C019D1FBB130A003AF364 /* DateSimpleCollectionCell.swift */,
			);
			name = SimpleCollection;
			sourceTree = "<group>";
		};
		95FA5D651FB10F50002C5DA4 /* Helpers */ = {
			isa = PBXGroup;
			children = (
				957A70E22002076000CC5D3E /* Builders */,
				95FA5D661FB10F59002C5DA4 /* Formatters */,
			);
			name = Helpers;
			sourceTree = "<group>";
		};
		95FA5D661FB10F59002C5DA4 /* Formatters */ = {
			isa = PBXGroup;
			children = (
				95FA5D671FB10F7E002C5DA4 /* TextFieldFormatter.swift */,
			);
			name = Formatters;
			sourceTree = "<group>";
		};
		95FA5D6F1FB24C8D002C5DA4 /* Adapters */ = {
			isa = PBXGroup;
			children = (
				9501D6831FC0CF3500214565 /* PDFRCSectionInfoAdapter.h */,
				9501D6841FC0CF3500214565 /* PDFRCSectionInfoAdapter.m */,
			);
			path = Adapters;
			sourceTree = "<group>";
		};
		95FA5D791FB25EEF002C5DA4 /* FRC Table */ = {
			isa = PBXGroup;
			children = (
				95FA5D7A1FB25F16002C5DA4 /* FRCTableCell.swift */,
			);
			name = "FRC Table";
			sourceTree = "<group>";
		};
/* End PBXGroup section */

/* Begin PBXNativeTarget section */
		958E14671FADEE1F00DD0B65 /* PDStrategy */ = {
			isa = PBXNativeTarget;
			buildConfigurationList = 958E147A1FADEE1F00DD0B65 /* Build configuration list for PBXNativeTarget "PDStrategy" */;
			buildPhases = (
				09FB956B4204C1A00667C709 /* [CP] Check Pods Manifest.lock */,
				958E14641FADEE1F00DD0B65 /* Sources */,
				958E14651FADEE1F00DD0B65 /* Frameworks */,
				958E14661FADEE1F00DD0B65 /* Resources */,
				AB388D6501313AE8BA43A1E1 /* [CP] Embed Pods Frameworks */,
				CB9F0053BF25DCB673A2B586 /* [CP] Copy Pods Resources */,
			);
			buildRules = (
			);
			dependencies = (
			);
			name = PDStrategy;
			productName = PDStrategy;
			productReference = 958E14681FADEE1F00DD0B65 /* PDStrategy.app */;
			productType = "com.apple.product-type.application";
		};
/* End PBXNativeTarget section */

/* Begin PBXProject section */
		958E14601FADEE1F00DD0B65 /* Project object */ = {
			isa = PBXProject;
			attributes = {
				LastSwiftUpdateCheck = 0910;
				LastUpgradeCheck = 0910;
				ORGANIZATIONNAME = "Pavel Deminov";
				TargetAttributes = {
					958E14671FADEE1F00DD0B65 = {
						CreatedOnToolsVersion = 9.1;
						LastSwiftMigration = 0910;
						ProvisioningStyle = Automatic;
					};
				};
			};
			buildConfigurationList = 958E14631FADEE1F00DD0B65 /* Build configuration list for PBXProject "PDStrategy" */;
			compatibilityVersion = "Xcode 8.0";
			developmentRegion = en;
			hasScannedForEncodings = 0;
			knownRegions = (
				en,
				Base,
			);
			mainGroup = 958E145F1FADEE1F00DD0B65;
			productRefGroup = 958E14691FADEE1F00DD0B65 /* Products */;
			projectDirPath = "";
			projectRoot = "";
			targets = (
				958E14671FADEE1F00DD0B65 /* PDStrategy */,
			);
		};
/* End PBXProject section */

/* Begin PBXResourcesBuildPhase section */
		958E14661FADEE1F00DD0B65 /* Resources */ = {
			isa = PBXResourcesBuildPhase;
			buildActionMask = 2147483647;
			files = (
				958E14AA1FAE2DB900DD0B65 /* LaunchScreen.storyboard in Resources */,
				958E14AB1FAE2DB900DD0B65 /* Main.storyboard in Resources */,
				957A70FF2004B8B400CC5D3E /* ScrollCell.xib in Resources */,
				958E14B31FAE2DC800DD0B65 /* Assets.xcassets in Resources */,
				958E14B11FAE2DC800DD0B65 /* Info.plist in Resources */,
			);
			runOnlyForDeploymentPostprocessing = 0;
		};
/* End PBXResourcesBuildPhase section */

/* Begin PBXShellScriptBuildPhase section */
		09FB956B4204C1A00667C709 /* [CP] Check Pods Manifest.lock */ = {
			isa = PBXShellScriptBuildPhase;
			buildActionMask = 2147483647;
			files = (
			);
			inputPaths = (
			);
			name = "[CP] Check Pods Manifest.lock";
			outputPaths = (
			);
			runOnlyForDeploymentPostprocessing = 0;
			shellPath = /bin/sh;
			shellScript = "diff \"${PODS_ROOT}/../Podfile.lock\" \"${PODS_ROOT}/Manifest.lock\" > /dev/null\nif [ $? != 0 ] ; then\n    # print error to STDERR\n    echo \"error: The sandbox is not in sync with the Podfile.lock. Run 'pod install' or update your CocoaPods installation.\" >&2\n    exit 1\nfi\n";
			showEnvVarsInLog = 0;
		};
		AB388D6501313AE8BA43A1E1 /* [CP] Embed Pods Frameworks */ = {
			isa = PBXShellScriptBuildPhase;
			buildActionMask = 2147483647;
			files = (
			);
			inputPaths = (
			);
			name = "[CP] Embed Pods Frameworks";
			outputPaths = (
			);
			runOnlyForDeploymentPostprocessing = 0;
			shellPath = /bin/sh;
			shellScript = "\"${SRCROOT}/Pods/Target Support Files/Pods-PDStrategy/Pods-PDStrategy-frameworks.sh\"\n";
			showEnvVarsInLog = 0;
		};
		CB9F0053BF25DCB673A2B586 /* [CP] Copy Pods Resources */ = {
			isa = PBXShellScriptBuildPhase;
			buildActionMask = 2147483647;
			files = (
			);
			inputPaths = (
			);
			name = "[CP] Copy Pods Resources";
			outputPaths = (
			);
			runOnlyForDeploymentPostprocessing = 0;
			shellPath = /bin/sh;
			shellScript = "\"${SRCROOT}/Pods/Target Support Files/Pods-PDStrategy/Pods-PDStrategy-resources.sh\"\n";
			showEnvVarsInLog = 0;
		};
/* End PBXShellScriptBuildPhase section */

/* Begin PBXSourcesBuildPhase section */
		958E14641FADEE1F00DD0B65 /* Sources */ = {
			isa = PBXSourcesBuildPhase;
			buildActionMask = 2147483647;
			files = (
				95801EE51FB0668900E3FEA8 /* TextDataTableCell.swift in Sources */,
				9598FCFD1FC19163003A113C /* PDErrorLabel.m in Sources */,
				95BAAF661FB83FEC00675095 /* SimpleCollectionCell.swift in Sources */,
				95FA5D731FB2545C002C5DA4 /* FRCTableViewController.swift in Sources */,
				95801EE71FB0A0C600E3FEA8 /* DateTextDataTableCell.swift in Sources */,
				958E14BC1FAE2E8500DD0B65 /* MainController.swift in Sources */,
				95801EB51FAF511800E3FEA8 /* TitleValueDateBuilder.swift in Sources */,
				95BAAF5F1FB78A8300675095 /* SimpleCollectionViewController.swift in Sources */,
				95801E9A1FAEE76100E3FEA8 /* PageAndRefreshCell.swift in Sources */,
				958C019E1FBB130A003AF364 /* DateSimpleCollectionCell.swift in Sources */,
				959424D11FB6E0F8008B5B04 /* ButtonTextDataTableCell.swift in Sources */,
				95801E851FAE50A600E3FEA8 /* SectionsTableController.swift in Sources */,
				95801ECB1FAF785400E3FEA8 /* Date3StaticCellsCell.swift in Sources */,
				95801ED21FAF7BDF00E3FEA8 /* TitleImageBuilder.swift in Sources */,
				95801EC71FAF782300E3FEA8 /* DateStaticCellsCell.swift in Sources */,
				9501D6881FC0CFD500214565 /* PDTableViewCell.m in Sources */,
				95801ECE1FAF78CD00E3FEA8 /* LoadingCell.swift in Sources */,
				957A70EB20022D8500CC5D3E /* ScrollViewController.swift in Sources */,
				95801EAD1FAF3E8800E3FEA8 /* StaticCellsTableViewController.swift in Sources */,
				957A70F7200286DC00CC5D3E /* ScrollController.swift in Sources */,
				95BAAF611FB839E100675095 /* SimpleCollectionController.swift in Sources */,
				95801EA31FAF11ED00E3FEA8 /* ActivityIndicatorBuilder.swift in Sources */,
				95801E981FAEE62E00E3FEA8 /* PageAndRefreshController.swift in Sources */,
				95FA5D6C1FB1C14D002C5DA4 /* NumberTextDataTableCell.swift in Sources */,
				95801EC91FAF783B00E3FEA8 /* Date2StaticCellsCell.swift in Sources */,
				9501D6821FC0C95A00214565 /* PDSection.m in Sources */,
				9598FCE81FC18B71003A113C /* PDTitleLabel.m in Sources */,
				95801E961FAEE4E200E3FEA8 /* PageAndRefreshViewController.swift in Sources */,
				95FA5D7B1FB25F16002C5DA4 /* FRCTableCell.swift in Sources */,
				9501D67F1FC0C8EE00214565 /* PDDataSource.m in Sources */,
				95801E8F1FAE5C9100E3FEA8 /* SectionsTableHeader.swift in Sources */,
				9598FCEE1FC18D00003A113C /* PDButton.m in Sources */,
				9598FD091FC19830003A113C /* TitleValueBuilder.m in Sources */,
				958E14C51FAE3B0000DD0B65 /* MainCell.swift in Sources */,
				957A70FA200289AA00CC5D3E /* ScrollCell.swift in Sources */,
				957A71032004BC3500CC5D3E /* TextFieldScrolCell.swift in Sources */,
				959424D71FB6E255008B5B04 /* ButtonBuilder.swift in Sources */,
				95044C031FC0D4960038C45F /* PDCollectionViewController.m in Sources */,
				9598FCE51FC18B21003A113C /* PDRefreshControl.m in Sources */,
				95FA5D6A1FB1BA4A002C5DA4 /* MoneyTextDataTableCell.swift in Sources */,
				95801E9D1FAEE89100E3FEA8 /* PageAndResfreshModel.swift in Sources */,
				95801EC51FAF77EE00E3FEA8 /* TitleValue2StaticCellsCell.swift in Sources */,
				958E14B21FAE2DC800DD0B65 /* MainViewController.swift in Sources */,
				9598FD001FC191B8003A113C /* PDTextField.m in Sources */,
				95801E871FAE555300E3FEA8 /* SectionsTableCell.swift in Sources */,
				95044BFD1FC0D38D0038C45F /* PDTableViewController.m in Sources */,
				957A70F220027FDE00CC5D3E /* PDScrollViewCell.m in Sources */,
				95044BFA1FC0D2F30038C45F /* PDTableViewHeaderFooter.m in Sources */,
				95801E831FAE4DFD00E3FEA8 /* SectionsTableViewController.swift in Sources */,
				9598FCF11FC18EE0003A113C /* PDConfirmButton.m in Sources */,
				9598FD061FC19485003A113C /* TitleBuilder.m in Sources */,
				95801ED01FAF7A5000E3FEA8 /* ImageStaticCellsCell.swift in Sources */,
				9598FCF71FC18FC6003A113C /* PDValueLabel.m in Sources */,
				957A70FE2004B89E00CC5D3E /* TitleValueScrollCell.swift in Sources */,
				9598FD031FC1924A003A113C /* PDActivityIndicatorView.m in Sources */,
				95FA5D7D1FB260F8002C5DA4 /* Animal+Extension.swift in Sources */,
				95801EDC1FB062B900E3FEA8 /* TextDataTableController.swift in Sources */,
				9501D67B1FC0C71500214565 /* PDRule.m in Sources */,
				95FA5D761FB255D5002C5DA4 /* Model.xcdatamodeld in Sources */,
				9501D6851FC0CF3500214565 /* PDFRCSectionInfoAdapter.m in Sources */,
				95044C061FC0D4DD0038C45F /* PDCollectionViewCell.m in Sources */,
				957A70E620022C7E00CC5D3E /* PDScrollViewController.m in Sources */,
				95044C001FC0D42F0038C45F /* PDFRCTableViewController.m in Sources */,
				95801EC31FAF779200E3FEA8 /* TitleValueStaticCellsCell.swift in Sources */,
				958E14B01FAE2DC800DD0B65 /* AppDelegate.swift in Sources */,
				957A70EF20022F3B00CC5D3E /* PDBaseViewController.m in Sources */,
				95801EAF1FAF3F0E00E3FEA8 /* StaticCellsTableController.swift in Sources */,
				9598FCEB1FC18B89003A113C /* PDLabel.m in Sources */,
				9598FCF41FC18F51003A113C /* PDImageView.m in Sources */,
				95801EC11FAF776400E3FEA8 /* TitleStaticCellsCell.swift in Sources */,
				9598FD0C1FC19BA0003A113C /* TitleTextFieldErrorBuilder.m in Sources */,
				95801EDA1FB0618A00E3FEA8 /* TextDataTableViewController.swift in Sources */,
				95FA5D641FB0A7C7002C5DA4 /* PhoneTextDataTableCell.swift in Sources */,
				9501D6781FC0C64200214565 /* PDItem.m in Sources */,
				9598FCFA1FC19001003A113C /* PDDateLabel.m in Sources */,
				95FA5D681FB10F7E002C5DA4 /* TextFieldFormatter.swift in Sources */,
			);
			runOnlyForDeploymentPostprocessing = 0;
		};
/* End PBXSourcesBuildPhase section */

/* Begin PBXVariantGroup section */
		958E14A61FAE2DB900DD0B65 /* LaunchScreen.storyboard */ = {
			isa = PBXVariantGroup;
			children = (
				958E14A71FAE2DB900DD0B65 /* Base */,
			);
			name = LaunchScreen.storyboard;
			sourceTree = "<group>";
		};
		958E14A81FAE2DB900DD0B65 /* Main.storyboard */ = {
			isa = PBXVariantGroup;
			children = (
				958E14A91FAE2DB900DD0B65 /* Base */,
			);
			name = Main.storyboard;
			sourceTree = "<group>";
		};
/* End PBXVariantGroup section */

/* Begin XCBuildConfiguration section */
		958E14781FADEE1F00DD0B65 /* Debug */ = {
			isa = XCBuildConfiguration;
			buildSettings = {
				ALWAYS_SEARCH_USER_PATHS = NO;
				CLANG_ANALYZER_NONNULL = YES;
				CLANG_ANALYZER_NUMBER_OBJECT_CONVERSION = YES_AGGRESSIVE;
				CLANG_CXX_LANGUAGE_STANDARD = "gnu++14";
				CLANG_CXX_LIBRARY = "libc++";
				CLANG_ENABLE_MODULES = YES;
				CLANG_ENABLE_OBJC_ARC = YES;
				CLANG_WARN_BLOCK_CAPTURE_AUTORELEASING = YES;
				CLANG_WARN_BOOL_CONVERSION = YES;
				CLANG_WARN_COMMA = YES;
				CLANG_WARN_CONSTANT_CONVERSION = YES;
				CLANG_WARN_DIRECT_OBJC_ISA_USAGE = YES_ERROR;
				CLANG_WARN_DOCUMENTATION_COMMENTS = YES;
				CLANG_WARN_EMPTY_BODY = YES;
				CLANG_WARN_ENUM_CONVERSION = YES;
				CLANG_WARN_INFINITE_RECURSION = YES;
				CLANG_WARN_INT_CONVERSION = YES;
				CLANG_WARN_NON_LITERAL_NULL_CONVERSION = YES;
				CLANG_WARN_OBJC_LITERAL_CONVERSION = YES;
				CLANG_WARN_OBJC_ROOT_CLASS = YES_ERROR;
				CLANG_WARN_RANGE_LOOP_ANALYSIS = YES;
				CLANG_WARN_STRICT_PROTOTYPES = YES;
				CLANG_WARN_SUSPICIOUS_MOVE = YES;
				CLANG_WARN_UNGUARDED_AVAILABILITY = YES_AGGRESSIVE;
				CLANG_WARN_UNREACHABLE_CODE = YES;
				CLANG_WARN__DUPLICATE_METHOD_MATCH = YES;
				CODE_SIGN_IDENTITY = "iPhone Developer";
				COPY_PHASE_STRIP = NO;
				DEBUG_INFORMATION_FORMAT = dwarf;
				ENABLE_STRICT_OBJC_MSGSEND = YES;
				ENABLE_TESTABILITY = YES;
				GCC_C_LANGUAGE_STANDARD = gnu11;
				GCC_DYNAMIC_NO_PIC = NO;
				GCC_NO_COMMON_BLOCKS = YES;
				GCC_OPTIMIZATION_LEVEL = 0;
				GCC_PREPROCESSOR_DEFINITIONS = (
					"DEBUG=1",
					"$(inherited)",
				);
				GCC_WARN_64_TO_32_BIT_CONVERSION = YES;
				GCC_WARN_ABOUT_RETURN_TYPE = YES_ERROR;
				GCC_WARN_UNDECLARED_SELECTOR = YES;
				GCC_WARN_UNINITIALIZED_AUTOS = YES_AGGRESSIVE;
				GCC_WARN_UNUSED_FUNCTION = YES;
				GCC_WARN_UNUSED_VARIABLE = YES;
				IPHONEOS_DEPLOYMENT_TARGET = 8.0;
				MTL_ENABLE_DEBUG_INFO = YES;
				ONLY_ACTIVE_ARCH = YES;
				SDKROOT = iphoneos;
				SWIFT_ACTIVE_COMPILATION_CONDITIONS = DEBUG;
				SWIFT_OPTIMIZATION_LEVEL = "-Onone";
			};
			name = Debug;
		};
		958E14791FADEE1F00DD0B65 /* Release */ = {
			isa = XCBuildConfiguration;
			buildSettings = {
				ALWAYS_SEARCH_USER_PATHS = NO;
				CLANG_ANALYZER_NONNULL = YES;
				CLANG_ANALYZER_NUMBER_OBJECT_CONVERSION = YES_AGGRESSIVE;
				CLANG_CXX_LANGUAGE_STANDARD = "gnu++14";
				CLANG_CXX_LIBRARY = "libc++";
				CLANG_ENABLE_MODULES = YES;
				CLANG_ENABLE_OBJC_ARC = YES;
				CLANG_WARN_BLOCK_CAPTURE_AUTORELEASING = YES;
				CLANG_WARN_BOOL_CONVERSION = YES;
				CLANG_WARN_COMMA = YES;
				CLANG_WARN_CONSTANT_CONVERSION = YES;
				CLANG_WARN_DIRECT_OBJC_ISA_USAGE = YES_ERROR;
				CLANG_WARN_DOCUMENTATION_COMMENTS = YES;
				CLANG_WARN_EMPTY_BODY = YES;
				CLANG_WARN_ENUM_CONVERSION = YES;
				CLANG_WARN_INFINITE_RECURSION = YES;
				CLANG_WARN_INT_CONVERSION = YES;
				CLANG_WARN_NON_LITERAL_NULL_CONVERSION = YES;
				CLANG_WARN_OBJC_LITERAL_CONVERSION = YES;
				CLANG_WARN_OBJC_ROOT_CLASS = YES_ERROR;
				CLANG_WARN_RANGE_LOOP_ANALYSIS = YES;
				CLANG_WARN_STRICT_PROTOTYPES = YES;
				CLANG_WARN_SUSPICIOUS_MOVE = YES;
				CLANG_WARN_UNGUARDED_AVAILABILITY = YES_AGGRESSIVE;
				CLANG_WARN_UNREACHABLE_CODE = YES;
				CLANG_WARN__DUPLICATE_METHOD_MATCH = YES;
				CODE_SIGN_IDENTITY = "iPhone Developer";
				COPY_PHASE_STRIP = NO;
				DEBUG_INFORMATION_FORMAT = "dwarf-with-dsym";
				ENABLE_NS_ASSERTIONS = NO;
				ENABLE_STRICT_OBJC_MSGSEND = YES;
				GCC_C_LANGUAGE_STANDARD = gnu11;
				GCC_NO_COMMON_BLOCKS = YES;
				GCC_WARN_64_TO_32_BIT_CONVERSION = YES;
				GCC_WARN_ABOUT_RETURN_TYPE = YES_ERROR;
				GCC_WARN_UNDECLARED_SELECTOR = YES;
				GCC_WARN_UNINITIALIZED_AUTOS = YES_AGGRESSIVE;
				GCC_WARN_UNUSED_FUNCTION = YES;
				GCC_WARN_UNUSED_VARIABLE = YES;
				IPHONEOS_DEPLOYMENT_TARGET = 8.0;
				MTL_ENABLE_DEBUG_INFO = NO;
				SDKROOT = iphoneos;
				SWIFT_OPTIMIZATION_LEVEL = "-Owholemodule";
				VALIDATE_PRODUCT = YES;
			};
			name = Release;
		};
		958E147B1FADEE1F00DD0B65 /* Debug */ = {
			isa = XCBuildConfiguration;
			baseConfigurationReference = 3C258B93A26BA615ADDC8944 /* Pods-PDStrategy.debug.xcconfig */;
			buildSettings = {
				ASSETCATALOG_COMPILER_APPICON_NAME = AppIcon;
				ASSETCATALOG_COMPILER_LAUNCHIMAGE_NAME = LaunchImage;
				CLANG_ENABLE_MODULES = YES;
				CODE_SIGN_STYLE = Automatic;
				DEVELOPMENT_TEAM = A4Q293H75S;
				INFOPLIST_FILE = PDStrategy/Info.plist;
				IPHONEOS_DEPLOYMENT_TARGET = 8.0;
				LD_RUNPATH_SEARCH_PATHS = "$(inherited) @executable_path/Frameworks";
				PRODUCT_BUNDLE_IDENTIFIER = com.pavelDeminov.PDStrategy;
				PRODUCT_NAME = "$(TARGET_NAME)";
				SWIFT_OBJC_BRIDGING_HEADER = "PDStrategy/PDStrategy-Bridging-Header.h";
				SWIFT_OPTIMIZATION_LEVEL = "-Onone";
				SWIFT_VERSION = 4.0;
				TARGETED_DEVICE_FAMILY = "1,2";
			};
			name = Debug;
		};
		958E147C1FADEE1F00DD0B65 /* Release */ = {
			isa = XCBuildConfiguration;
			baseConfigurationReference = C26885CC900213C23A0A35DF /* Pods-PDStrategy.release.xcconfig */;
			buildSettings = {
				ASSETCATALOG_COMPILER_APPICON_NAME = AppIcon;
				ASSETCATALOG_COMPILER_LAUNCHIMAGE_NAME = LaunchImage;
				CLANG_ENABLE_MODULES = YES;
				CODE_SIGN_STYLE = Automatic;
				DEVELOPMENT_TEAM = A4Q293H75S;
				INFOPLIST_FILE = PDStrategy/Info.plist;
				IPHONEOS_DEPLOYMENT_TARGET = 8.0;
				LD_RUNPATH_SEARCH_PATHS = "$(inherited) @executable_path/Frameworks";
				PRODUCT_BUNDLE_IDENTIFIER = com.pavelDeminov.PDStrategy;
				PRODUCT_NAME = "$(TARGET_NAME)";
				SWIFT_OBJC_BRIDGING_HEADER = "PDStrategy/PDStrategy-Bridging-Header.h";
				SWIFT_VERSION = 4.0;
				TARGETED_DEVICE_FAMILY = "1,2";
			};
			name = Release;
		};
/* End XCBuildConfiguration section */

/* Begin XCConfigurationList section */
		958E14631FADEE1F00DD0B65 /* Build configuration list for PBXProject "PDStrategy" */ = {
			isa = XCConfigurationList;
			buildConfigurations = (
				958E14781FADEE1F00DD0B65 /* Debug */,
				958E14791FADEE1F00DD0B65 /* Release */,
			);
			defaultConfigurationIsVisible = 0;
			defaultConfigurationName = Release;
		};
		958E147A1FADEE1F00DD0B65 /* Build configuration list for PBXNativeTarget "PDStrategy" */ = {
			isa = XCConfigurationList;
			buildConfigurations = (
				958E147B1FADEE1F00DD0B65 /* Debug */,
				958E147C1FADEE1F00DD0B65 /* Release */,
			);
			defaultConfigurationIsVisible = 0;
			defaultConfigurationName = Release;
		};
/* End XCConfigurationList section */

/* Begin XCVersionGroup section */
		95FA5D741FB255D5002C5DA4 /* Model.xcdatamodeld */ = {
			isa = XCVersionGroup;
			children = (
				95FA5D751FB255D5002C5DA4 /* Model.xcdatamodel */,
			);
			currentVersion = 95FA5D751FB255D5002C5DA4 /* Model.xcdatamodel */;
			path = Model.xcdatamodeld;
			sourceTree = "<group>";
			versionGroupType = wrapper.xcdatamodel;
		};
/* End XCVersionGroup section */
	};
	rootObject = 958E14601FADEE1F00DD0B65 /* Project object */;
}
